
Microsoft Visual Studio Solution File, Format Version 12.00
# Visual Studio Version 17
VisualStudioVersion = 17.7.34302.85
MinimumVisualStudioVersion = 10.0.40219.1
Project("{FAE04EC0-301F-11D3-BF4B-00C04F79EFBC}") = "MicroHackApp", "MicroHackApp.csproj", "{A337DFD9-585A-49B1-8BEF-24F8146DCF52}"
EndProject
Global
	GlobalSection(SolutionConfigurationPlatforms) = preSolution
		Debug|Any CPU = Debug|Any CPU
		Release|Any CPU = Release|Any CPU
	EndGlobalSection
	GlobalSection(ProjectConfigurationPlatforms) = postSolution
		{A337DFD9-585A-49B1-8BEF-24F8146DCF52}.Debug|Any CPU.ActiveCfg = Debug|Any CPU
		{A337DFD9-585A-49B1-8BEF-24F8146DCF52}.Debug|Any CPU.Build.0 = Debug|Any CPU
		{A337DFD9-585A-49B1-8BEF-24F8146DCF52}.Release|Any CPU.ActiveCfg = Release|Any CPU
		{A337DFD9-585A-49B1-8BEF-24F8146DCF52}.Release|Any CPU.Build.0 = Release|Any CPU
	EndGlobalSection
	GlobalSection(SolutionProperties) = preSolution
		HideSolutionNode = FALSE
	EndGlobalSection
	GlobalSection(ExtensibilityGlobals) = postSolution
		SolutionGuid = {A864DC8B-226F-4ECE-84D4-E9DA3440422B}
	EndGlobalSection
EndGlobal
